
Microsoft Visual Studio Solution File, Format Version 12.00
# Visual Studio Version 16
VisualStudioVersion = 16.0.30225.117
MinimumVisualStudioVersion = 10.0.40219.1
Project("{FAE04EC0-301F-11D3-BF4B-00C04F79EFBC}") = "webapitemplate", "webapitemplate.csproj", "{AA01F512-AA14-485F-BE3D-45D1D2E95CD8}"
EndProject
Global
	GlobalSection(SolutionConfigurationPlatforms) = preSolution
		Debug|Any CPU = Debug|Any CPU
		Release|Any CPU = Release|Any CPU
	EndGlobalSection
	GlobalSection(ProjectConfigurationPlatforms) = postSolution
		{AA01F512-AA14-485F-BE3D-45D1D2E95CD8}.Debug|Any CPU.ActiveCfg = Debug|Any CPU
		{AA01F512-AA14-485F-BE3D-45D1D2E95CD8}.Debug|Any CPU.Build.0 = Debug|Any CPU
		{AA01F512-AA14-485F-BE3D-45D1D2E95CD8}.Release|Any CPU.ActiveCfg = Release|Any CPU
		{AA01F512-AA14-485F-BE3D-45D1D2E95CD8}.Release|Any CPU.Build.0 = Release|Any CPU
	EndGlobalSection
	GlobalSection(SolutionProperties) = preSolution
		HideSolutionNode = FALSE
	EndGlobalSection
	GlobalSection(ExtensibilityGlobals) = postSolution
		SolutionGuid = {BB2681E8-9A81-4732-84A2-D685550BC200}
	EndGlobalSection
EndGlobal
